// !$*UTF8*$!
{
	archiveVersion = 1;
	classes = {
	};
	objectVersion = 56;
	objects = {

/* Begin PBXBuildFile section */
		FB0919872ADE41FE00CF15F1 /* main.c in Sources */ = {isa = PBXBuildFile; fileRef = FB0919862ADE41FE00CF15F1 /* main.c */; };
		FB0919952ADE445E00CF15F1 /* Isometric_Sequence_02.c in Sources */ = {isa = PBXBuildFile; fileRef = FB0919942ADE445E00CF15F1 /* Isometric_Sequence_02.c */; };
		FB0919972ADE44B900CF15F1 /* Isometric_Sequence_03.c in Sources */ = {isa = PBXBuildFile; fileRef = FB0919962ADE44B900CF15F1 /* Isometric_Sequence_03.c */; };
		FB0919992ADE44BE00CF15F1 /* Isometric_Sequence_04.c in Sources */ = {isa = PBXBuildFile; fileRef = FB0919982ADE44BE00CF15F1 /* Isometric_Sequence_04.c */; };
		FB09199B2ADE44C100CF15F1 /* Isometric_Sequence.c in Sources */ = {isa = PBXBuildFile; fileRef = FB09199A2ADE44C100CF15F1 /* Isometric_Sequence.c */; };
		FB09199D2ADE44EF00CF15F1 /* Geometric_Sequence_01.c in Sources */ = {isa = PBXBuildFile; fileRef = FB09199C2ADE44EF00CF15F1 /* Geometric_Sequence_01.c */; };
		FB09199F2ADE44F400CF15F1 /* Geometric_Sequence_02.c in Sources */ = {isa = PBXBuildFile; fileRef = FB09199E2ADE44F400CF15F1 /* Geometric_Sequence_02.c */; };
		FB0919A12ADE44F800CF15F1 /* Geometric_Sequence_03.c in Sources */ = {isa = PBXBuildFile; fileRef = FB0919A02ADE44F800CF15F1 /* Geometric_Sequence_03.c */; };
		FB0919A32ADE44FB00CF15F1 /* Geometric_Sequence_04.c in Sources */ = {isa = PBXBuildFile; fileRef = FB0919A22ADE44FB00CF15F1 /* Geometric_Sequence_04.c */; };
		FB0919A52ADE44FF00CF15F1 /* Geometric_Sequence_05.c in Sources */ = {isa = PBXBuildFile; fileRef = FB0919A42ADE44FF00CF15F1 /* Geometric_Sequence_05.c */; };
		FB0919A72ADEA8F700CF15F1 /* Class_5th.c in Sources */ = {isa = PBXBuildFile; fileRef = FB0919A62ADEA8F700CF15F1 /* Class_5th.c */; };
		FB6546502AEF68AF006ACAC2 /* Class_MidTerm.c in Sources */ = {isa = PBXBuildFile; fileRef = FB65464F2AEF68AF006ACAC2 /* Class_MidTerm.c */; };
		FB720ED82AFB44CD00DDA0E9 /* Class_10th.c in Sources */ = {isa = PBXBuildFile; fileRef = FB720ED72AFB44CD00DDA0E9 /* Class_10th.c */; };
		FBE381412B01E01A00290217 /* Class_11th.c in Sources */ = {isa = PBXBuildFile; fileRef = FBE381402B01E01A00290217 /* Class_11th.c */; };
/* End PBXBuildFile section */

/* Begin PBXCopyFilesBuildPhase section */
		FB0919812ADE41FE00CF15F1 /* CopyFiles */ = {
			isa = PBXCopyFilesBuildPhase;
			buildActionMask = 2147483647;
			dstPath = /usr/share/man/man1/;
			dstSubfolderSpec = 0;
			files = (
			);
			runOnlyForDeploymentPostprocessing = 1;
		};
/* End PBXCopyFilesBuildPhase section */

/* Begin PBXFileReference section */
		FB0919832ADE41FE00CF15F1 /* Algorithm_Class */ = {isa = PBXFileReference; explicitFileType = "compiled.mach-o.executable"; includeInIndex = 0; path = Algorithm_Class; sourceTree = BUILT_PRODUCTS_DIR; };
		FB0919862ADE41FE00CF15F1 /* main.c */ = {isa = PBXFileReference; lastKnownFileType = sourcecode.c.c; path = main.c; sourceTree = "<group>"; };
		FB09198D2ADE425700CF15F1 /* 4th */ = {isa = PBXFileReference; lastKnownFileType = folder; name = 4th; path = ../../../Documents/KOPO/Algorithm_Class/4th; sourceTree = "<group>"; };
		FB09198E2ADE425700CF15F1 /* 3rd */ = {isa = PBXFileReference; lastKnownFileType = folder; name = 3rd; path = ../../../Documents/KOPO/Algorithm_Class/3rd; sourceTree = "<group>"; };
		FB09198F2ADE425700CF15F1 /* sum.eddx */ = {isa = PBXFileReference; lastKnownFileType = file; name = sum.eddx; path = ../../../Documents/KOPO/Algorithm_Class/sum.eddx; sourceTree = "<group>"; };
		FB0919902ADE425700CF15F1 /* noodle.eddx */ = {isa = PBXFileReference; lastKnownFileType = file; name = noodle.eddx; path = ../../../Documents/KOPO/Algorithm_Class/noodle.eddx; sourceTree = "<group>"; };
		FB0919912ADE425700CF15F1 /* Geometric_Sequence.eddx */ = {isa = PBXFileReference; lastKnownFileType = file; name = Geometric_Sequence.eddx; path = ../../../Documents/KOPO/Algorithm_Class/Geometric_Sequence.eddx; sourceTree = "<group>"; };
		FB0919922ADE425700CF15F1 /* Class */ = {isa = PBXFileReference; lastKnownFileType = folder; name = Class; path = ../../../Documents/KOPO/Algorithm_Class/Class; sourceTree = "<group>"; };
		FB0919932ADE425700CF15F1 /* Isometric_Sequence.eddx */ = {isa = PBXFileReference; lastKnownFileType = file; name = Isometric_Sequence.eddx; path = ../../../Documents/KOPO/Algorithm_Class/Isometric_Sequence.eddx; sourceTree = "<group>"; };
		FB0919942ADE445E00CF15F1 /* Isometric_Sequence_02.c */ = {isa = PBXFileReference; fileEncoding = 4; lastKnownFileType = sourcecode.c.c; name = Isometric_Sequence_02.c; path = ../../../Documents/KOPO/Algorithm_Class/3rd/Isometric_Sequence_02.c; sourceTree = "<group>"; };
		FB0919962ADE44B900CF15F1 /* Isometric_Sequence_03.c */ = {isa = PBXFileReference; fileEncoding = 4; lastKnownFileType = sourcecode.c.c; name = Isometric_Sequence_03.c; path = ../../../Documents/KOPO/Algorithm_Class/3rd/Isometric_Sequence_03.c; sourceTree = "<group>"; };
		FB0919982ADE44BE00CF15F1 /* Isometric_Sequence_04.c */ = {isa = PBXFileReference; fileEncoding = 4; lastKnownFileType = sourcecode.c.c; name = Isometric_Sequence_04.c; path = ../../../Documents/KOPO/Algorithm_Class/3rd/Isometric_Sequence_04.c; sourceTree = "<group>"; };
		FB09199A2ADE44C100CF15F1 /* Isometric_Sequence.c */ = {isa = PBXFileReference; fileEncoding = 4; lastKnownFileType = sourcecode.c.c; name = Isometric_Sequence.c; path = ../../../Documents/KOPO/Algorithm_Class/3rd/Isometric_Sequence.c; sourceTree = "<group>"; };
		FB09199C2ADE44EF00CF15F1 /* Geometric_Sequence_01.c */ = {isa = PBXFileReference; fileEncoding = 4; lastKnownFileType = sourcecode.c.c; name = Geometric_Sequence_01.c; path = ../../../Documents/KOPO/Algorithm_Class/4th/Geometric_Sequence_01.c; sourceTree = "<group>"; };
		FB09199E2ADE44F400CF15F1 /* Geometric_Sequence_02.c */ = {isa = PBXFileReference; fileEncoding = 4; lastKnownFileType = sourcecode.c.c; name = Geometric_Sequence_02.c; path = ../../../Documents/KOPO/Algorithm_Class/4th/Geometric_Sequence_02.c; sourceTree = "<group>"; };
		FB0919A02ADE44F800CF15F1 /* Geometric_Sequence_03.c */ = {isa = PBXFileReference; fileEncoding = 4; lastKnownFileType = sourcecode.c.c; name = Geometric_Sequence_03.c; path = ../../../Documents/KOPO/Algorithm_Class/4th/Geometric_Sequence_03.c; sourceTree = "<group>"; };
		FB0919A22ADE44FB00CF15F1 /* Geometric_Sequence_04.c */ = {isa = PBXFileReference; fileEncoding = 4; lastKnownFileType = sourcecode.c.c; name = Geometric_Sequence_04.c; path = ../../../Documents/KOPO/Algorithm_Class/4th/Geometric_Sequence_04.c; sourceTree = "<group>"; };
		FB0919A42ADE44FF00CF15F1 /* Geometric_Sequence_05.c */ = {isa = PBXFileReference; fileEncoding = 4; lastKnownFileType = sourcecode.c.c; name = Geometric_Sequence_05.c; path = ../../../Documents/KOPO/Algorithm_Class/4th/Geometric_Sequence_05.c; sourceTree = "<group>"; };
		FB0919A62ADEA8F700CF15F1 /* Class_5th.c */ = {isa = PBXFileReference; lastKnownFileType = sourcecode.c.c; path = Class_5th.c; sourceTree = "<group>"; };
		FB65464F2AEF68AF006ACAC2 /* Class_MidTerm.c */ = {isa = PBXFileReference; lastKnownFileType = sourcecode.c.c; path = Class_MidTerm.c; sourceTree = "<group>"; };
		FB720ED72AFB44CD00DDA0E9 /* Class_10th.c */ = {isa = PBXFileReference; lastKnownFileType = sourcecode.c.c; path = Class_10th.c; sourceTree = "<group>"; };
		FBE381402B01E01A00290217 /* Class_11th.c */ = {isa = PBXFileReference; lastKnownFileType = sourcecode.c.c; path = Class_11th.c; sourceTree = "<group>"; };
/* End PBXFileReference section */

/* Begin PBXFrameworksBuildPhase section */
		FB0919802ADE41FE00CF15F1 /* Frameworks */ = {
			isa = PBXFrameworksBuildPhase;
			buildActionMask = 2147483647;
			files = (
			);
			runOnlyForDeploymentPostprocessing = 0;
		};
/* End PBXFrameworksBuildPhase section */

/* Begin PBXGroup section */
		FB09197A2ADE41FE00CF15F1 = {
			isa = PBXGroup;
			children = (
				FB0919852ADE41FE00CF15F1 /* Algorithm_Class */,
				FB0919842ADE41FE00CF15F1 /* Products */,
			);
			sourceTree = "<group>";
		};
		FB0919842ADE41FE00CF15F1 /* Products */ = {
			isa = PBXGroup;
			children = (
				FB0919832ADE41FE00CF15F1 /* Algorithm_Class */,
			);
			name = Products;
			sourceTree = "<group>";
		};
		FB0919852ADE41FE00CF15F1 /* Algorithm_Class */ = {
			isa = PBXGroup;
			children = (
				FB0919862ADE41FE00CF15F1 /* main.c */,
				FB0919942ADE445E00CF15F1 /* Isometric_Sequence_02.c */,
				FB0919962ADE44B900CF15F1 /* Isometric_Sequence_03.c */,
				FB0919982ADE44BE00CF15F1 /* Isometric_Sequence_04.c */,
				FB09199A2ADE44C100CF15F1 /* Isometric_Sequence.c */,
				FB09199C2ADE44EF00CF15F1 /* Geometric_Sequence_01.c */,
				FB09199E2ADE44F400CF15F1 /* Geometric_Sequence_02.c */,
				FB0919A02ADE44F800CF15F1 /* Geometric_Sequence_03.c */,
				FB0919A22ADE44FB00CF15F1 /* Geometric_Sequence_04.c */,
				FB0919A42ADE44FF00CF15F1 /* Geometric_Sequence_05.c */,
				FB09198E2ADE425700CF15F1 /* 3rd */,
				FB09198D2ADE425700CF15F1 /* 4th */,
				FB0919922ADE425700CF15F1 /* Class */,
				FB0919912ADE425700CF15F1 /* Geometric_Sequence.eddx */,
				FB0919932ADE425700CF15F1 /* Isometric_Sequence.eddx */,
				FB0919902ADE425700CF15F1 /* noodle.eddx */,
				FB09198F2ADE425700CF15F1 /* sum.eddx */,
				FB0919A62ADEA8F700CF15F1 /* Class_5th.c */,
				FB65464F2AEF68AF006ACAC2 /* Class_MidTerm.c */,
				FB720ED72AFB44CD00DDA0E9 /* Class_10th.c */,
				FBE381402B01E01A00290217 /* Class_11th.c */,
			);
			path = Algorithm_Class;
			sourceTree = "<group>";
		};
/* End PBXGroup section */

/* Begin PBXNativeTarget section */
		FB0919822ADE41FE00CF15F1 /* Algorithm_Class */ = {
			isa = PBXNativeTarget;
			buildConfigurationList = FB09198A2ADE41FE00CF15F1 /* Build configuration list for PBXNativeTarget "Algorithm_Class" */;
			buildPhases = (
				FB09197F2ADE41FE00CF15F1 /* Sources */,
				FB0919802ADE41FE00CF15F1 /* Frameworks */,
				FB0919812ADE41FE00CF15F1 /* CopyFiles */,
			);
			buildRules = (
			);
			dependencies = (
			);
			name = Algorithm_Class;
			productName = Algorithm_Class;
			productReference = FB0919832ADE41FE00CF15F1 /* Algorithm_Class */;
			productType = "com.apple.product-type.tool";
		};
/* End PBXNativeTarget section */

/* Begin PBXProject section */
		FB09197B2ADE41FE00CF15F1 /* Project object */ = {
			isa = PBXProject;
			attributes = {
				BuildIndependentTargetsInParallel = 1;
				LastUpgradeCheck = 1500;
				TargetAttributes = {
					FB0919822ADE41FE00CF15F1 = {
						CreatedOnToolsVersion = 15.0;
					};
				};
			};
			buildConfigurationList = FB09197E2ADE41FE00CF15F1 /* Build configuration list for PBXProject "Algorithm_Class" */;
			compatibilityVersion = "Xcode 14.0";
			developmentRegion = en;
			hasScannedForEncodings = 0;
			knownRegions = (
				en,
				Base,
			);
			mainGroup = FB09197A2ADE41FE00CF15F1;
			productRefGroup = FB0919842ADE41FE00CF15F1 /* Products */;
			projectDirPath = "";
			projectRoot = "";
			targets = (
				FB0919822ADE41FE00CF15F1 /* Algorithm_Class */,
			);
		};
/* End PBXProject section */

/* Begin PBXSourcesBuildPhase section */
		FB09197F2ADE41FE00CF15F1 /* Sources */ = {
			isa = PBXSourcesBuildPhase;
			buildActionMask = 2147483647;
			files = (
				FB720ED82AFB44CD00DDA0E9 /* Class_10th.c in Sources */,
				FB0919972ADE44B900CF15F1 /* Isometric_Sequence_03.c in Sources */,
				FBE381412B01E01A00290217 /* Class_11th.c in Sources */,
				FB0919A12ADE44F800CF15F1 /* Geometric_Sequence_03.c in Sources */,
				FB0919952ADE445E00CF15F1 /* Isometric_Sequence_02.c in Sources */,
				FB0919A72ADEA8F700CF15F1 /* Class_5th.c in Sources */,
				FB09199B2ADE44C100CF15F1 /* Isometric_Sequence.c in Sources */,
				FB09199D2ADE44EF00CF15F1 /* Geometric_Sequence_01.c in Sources */,
				FB09199F2ADE44F400CF15F1 /* Geometric_Sequence_02.c in Sources */,
				FB0919A32ADE44FB00CF15F1 /* Geometric_Sequence_04.c in Sources */,
				FB0919A52ADE44FF00CF15F1 /* Geometric_Sequence_05.c in Sources */,
				FB0919992ADE44BE00CF15F1 /* Isometric_Sequence_04.c in Sources */,
				FB0919872ADE41FE00CF15F1 /* main.c in Sources */,
				FB6546502AEF68AF006ACAC2 /* Class_MidTerm.c in Sources */,
			);
			runOnlyForDeploymentPostprocessing = 0;
		};
/* End PBXSourcesBuildPhase section */

/* Begin XCBuildConfiguration section */
		FB0919882ADE41FE00CF15F1 /* Debug */ = {
			isa = XCBuildConfiguration;
			buildSettings = {
				ALWAYS_SEARCH_USER_PATHS = NO;
				ASSETCATALOG_COMPILER_GENERATE_SWIFT_ASSET_SYMBOL_EXTENSIONS = YES;
				CLANG_ANALYZER_NONNULL = YES;
				CLANG_ANALYZER_NUMBER_OBJECT_CONVERSION = YES_AGGRESSIVE;
				CLANG_CXX_LANGUAGE_STANDARD = "gnu++20";
				CLANG_ENABLE_MODULES = YES;
				CLANG_ENABLE_OBJC_ARC = YES;
				CLANG_ENABLE_OBJC_WEAK = YES;
				CLANG_WARN_BLOCK_CAPTURE_AUTORELEASING = YES;
				CLANG_WARN_BOOL_CONVERSION = YES;
				CLANG_WARN_COMMA = YES;
				CLANG_WARN_CONSTANT_CONVERSION = YES;
				CLANG_WARN_DEPRECATED_OBJC_IMPLEMENTATIONS = YES;
				CLANG_WARN_DIRECT_OBJC_ISA_USAGE = YES_ERROR;
				CLANG_WARN_DOCUMENTATION_COMMENTS = YES;
				CLANG_WARN_EMPTY_BODY = YES;
				CLANG_WARN_ENUM_CONVERSION = YES;
				CLANG_WARN_INFINITE_RECURSION = YES;
				CLANG_WARN_INT_CONVERSION = YES;
				CLANG_WARN_NON_LITERAL_NULL_CONVERSION = YES;
				CLANG_WARN_OBJC_IMPLICIT_RETAIN_SELF = YES;
				CLANG_WARN_OBJC_LITERAL_CONVERSION = YES;
				CLANG_WARN_OBJC_ROOT_CLASS = YES_ERROR;
				CLANG_WARN_QUOTED_INCLUDE_IN_FRAMEWORK_HEADER = YES;
				CLANG_WARN_RANGE_LOOP_ANALYSIS = YES;
				CLANG_WARN_STRICT_PROTOTYPES = YES;
				CLANG_WARN_SUSPICIOUS_MOVE = YES;
				CLANG_WARN_UNGUARDED_AVAILABILITY = YES_AGGRESSIVE;
				CLANG_WARN_UNREACHABLE_CODE = YES;
				CLANG_WARN__DUPLICATE_METHOD_MATCH = YES;
				COPY_PHASE_STRIP = NO;
				DEBUG_INFORMATION_FORMAT = dwarf;
				ENABLE_STRICT_OBJC_MSGSEND = YES;
				ENABLE_TESTABILITY = YES;
				ENABLE_USER_SCRIPT_SANDBOXING = YES;
				GCC_C_LANGUAGE_STANDARD = gnu17;
				GCC_DYNAMIC_NO_PIC = NO;
				GCC_NO_COMMON_BLOCKS = YES;
				GCC_OPTIMIZATION_LEVEL = 0;
				GCC_PREPROCESSOR_DEFINITIONS = (
					"DEBUG=1",
					"$(inherited)",
				);
				GCC_WARN_64_TO_32_BIT_CONVERSION = YES;
				GCC_WARN_ABOUT_RETURN_TYPE = YES_ERROR;
				GCC_WARN_UNDECLARED_SELECTOR = YES;
				GCC_WARN_UNINITIALIZED_AUTOS = YES_AGGRESSIVE;
				GCC_WARN_UNUSED_FUNCTION = YES;
				GCC_WARN_UNUSED_VARIABLE = YES;
				LOCALIZATION_PREFERS_STRING_CATALOGS = YES;
				MACOSX_DEPLOYMENT_TARGET = 14.0;
				MTL_ENABLE_DEBUG_INFO = INCLUDE_SOURCE;
				MTL_FAST_MATH = YES;
				ONLY_ACTIVE_ARCH = YES;
				SDKROOT = macosx;
			};
			name = Debug;
		};
		FB0919892ADE41FE00CF15F1 /* Release */ = {
			isa = XCBuildConfiguration;
			buildSettings = {
				ALWAYS_SEARCH_USER_PATHS = NO;
				ASSETCATALOG_COMPILER_GENERATE_SWIFT_ASSET_SYMBOL_EXTENSIONS = YES;
				CLANG_ANALYZER_NONNULL = YES;
				CLANG_ANALYZER_NUMBER_OBJECT_CONVERSION = YES_AGGRESSIVE;
				CLANG_CXX_LANGUAGE_STANDARD = "gnu++20";
				CLANG_ENABLE_MODULES = YES;
				CLANG_ENABLE_OBJC_ARC = YES;
				CLANG_ENABLE_OBJC_WEAK = YES;
				CLANG_WARN_BLOCK_CAPTURE_AUTORELEASING = YES;
				CLANG_WARN_BOOL_CONVERSION = YES;
				CLANG_WARN_COMMA = YES;
				CLANG_WARN_CONSTANT_CONVERSION = YES;
				CLANG_WARN_DEPRECATED_OBJC_IMPLEMENTATIONS = YES;
				CLANG_WARN_DIRECT_OBJC_ISA_USAGE = YES_ERROR;
				CLANG_WARN_DOCUMENTATION_COMMENTS = YES;
				CLANG_WARN_EMPTY_BODY = YES;
				CLANG_WARN_ENUM_CONVERSION = YES;
				CLANG_WARN_INFINITE_RECURSION = YES;
				CLANG_WARN_INT_CONVERSION = YES;
				CLANG_WARN_NON_LITERAL_NULL_CONVERSION = YES;
				CLANG_WARN_OBJC_IMPLICIT_RETAIN_SELF = YES;
				CLANG_WARN_OBJC_LITERAL_CONVERSION = YES;
				CLANG_WARN_OBJC_ROOT_CLASS = YES_ERROR;
				CLANG_WARN_QUOTED_INCLUDE_IN_FRAMEWORK_HEADER = YES;
				CLANG_WARN_RANGE_LOOP_ANALYSIS = YES;
				CLANG_WARN_STRICT_PROTOTYPES = YES;
				CLANG_WARN_SUSPICIOUS_MOVE = YES;
				CLANG_WARN_UNGUARDED_AVAILABILITY = YES_AGGRESSIVE;
				CLANG_WARN_UNREACHABLE_CODE = YES;
				CLANG_WARN__DUPLICATE_METHOD_MATCH = YES;
				COPY_PHASE_STRIP = NO;
				DEBUG_INFORMATION_FORMAT = "dwarf-with-dsym";
				ENABLE_NS_ASSERTIONS = NO;
				ENABLE_STRICT_OBJC_MSGSEND = YES;
				ENABLE_USER_SCRIPT_SANDBOXING = YES;
				GCC_C_LANGUAGE_STANDARD = gnu17;
				GCC_NO_COMMON_BLOCKS = YES;
				GCC_WARN_64_TO_32_BIT_CONVERSION = YES;
				GCC_WARN_ABOUT_RETURN_TYPE = YES_ERROR;
				GCC_WARN_UNDECLARED_SELECTOR = YES;
				GCC_WARN_UNINITIALIZED_AUTOS = YES_AGGRESSIVE;
				GCC_WARN_UNUSED_FUNCTION = YES;
				GCC_WARN_UNUSED_VARIABLE = YES;
				LOCALIZATION_PREFERS_STRING_CATALOGS = YES;
				MACOSX_DEPLOYMENT_TARGET = 14.0;
				MTL_ENABLE_DEBUG_INFO = NO;
				MTL_FAST_MATH = YES;
				SDKROOT = macosx;
			};
			name = Release;
		};
		FB09198B2ADE41FE00CF15F1 /* Debug */ = {
			isa = XCBuildConfiguration;
			buildSettings = {
				CODE_SIGN_STYLE = Automatic;
				DEVELOPMENT_TEAM = Y7JY4V3M7C;
				ENABLE_HARDENED_RUNTIME = YES;
				PRODUCT_NAME = "$(TARGET_NAME)";
			};
			name = Debug;
		};
		FB09198C2ADE41FE00CF15F1 /* Release */ = {
			isa = XCBuildConfiguration;
			buildSettings = {
				CODE_SIGN_STYLE = Automatic;
				DEVELOPMENT_TEAM = Y7JY4V3M7C;
				ENABLE_HARDENED_RUNTIME = YES;
				PRODUCT_NAME = "$(TARGET_NAME)";
			};
			name = Release;
		};
/* End XCBuildConfiguration section */

/* Begin XCConfigurationList section */
		FB09197E2ADE41FE00CF15F1 /* Build configuration list for PBXProject "Algorithm_Class" */ = {
			isa = XCConfigurationList;
			buildConfigurations = (
				FB0919882ADE41FE00CF15F1 /* Debug */,
				FB0919892ADE41FE00CF15F1 /* Release */,
			);
			defaultConfigurationIsVisible = 0;
			defaultConfigurationName = Release;
		};
		FB09198A2ADE41FE00CF15F1 /* Build configuration list for PBXNativeTarget "Algorithm_Class" */ = {
			isa = XCConfigurationList;
			buildConfigurations = (
				FB09198B2ADE41FE00CF15F1 /* Debug */,
				FB09198C2ADE41FE00CF15F1 /* Release */,
			);
			defaultConfigurationIsVisible = 0;
			defaultConfigurationName = Release;
		};
/* End XCConfigurationList section */
	};
	rootObject = FB09197B2ADE41FE00CF15F1 /* Project object */;
}
